<?xml version="1.0" encoding="UTF-8" standalone="yes" ?>
<CodeBlocks_project_file>
	<FileVersion major="1" minor="6" />
	<Project>
		<Option title="DocasnyTreegen" />
		<Option pch_mode="2" />
		<Option compiler="cygwin" />
		<Build>
			<Target title="Debug Win32">
				<Option output="DocasnyTreegen" prefix_auto="1" extension_auto="1" />
				<Option type="0" />
				<Option compiler="cygwin" />
				<Compiler>
					<Add option="/DWIN32" />
					<Add option="/D_DEBUG" />
					<Add option="/DDEBUG" />
					<Add option="/DPROFILE" />
					<Add option="/D_WINDOWS" />
					<Add directory="$(DXSDK_DIR)Include" />
					<Add directory="$(IncludePath)" />
					<Add directory="DXUT/Core" />
					<Add directory="DXUT/Optional" />
				</Compiler>
				<Linker>
					<Add option="/debug" />
					<Add library="d3d9.lib" />
					<Add library="d3dx10d.lib" />
					<Add library="d3dx9d.lib" />
					<Add library="dxerr.lib" />
					<Add library="dxguid.lib" />
					<Add library="winmm.lib" />
					<Add library="comctl32.lib" />
					<Add library="dinput8.lib" />
					<Add directory="$(DXSDK_DIR)Lib/x86" />
					<Add directory="$(LibraryPath)" />
				</Linker>
			</Target>
			<Target title="Profile x64">
				<Option output="DocasnyTreegen" prefix_auto="1" extension_auto="1" />
				<Option type="0" />
				<Option compiler="cygwin" />
			</Target>
			<Target title="Debug x64">
				<Option output="DocasnyTreegen" prefix_auto="1" extension_auto="1" />
				<Option type="0" />
				<Option compiler="cygwin" />
			</Target>
			<Target title="Release x64">
				<Option output="DocasnyTreegen" prefix_auto="1" extension_auto="1" />
				<Option type="0" />
				<Option compiler="cygwin" />
				<Compiler>
					<Add directory="$(DXSDK_DIR)Include" />
					<Add directory="$(IncludePath)" />
					<Add directory="DXUT/Core" />
					<Add directory="DXUT/Optional" />
				</Compiler>
				<Linker>
					<Add library="d3d9.lib" />
					<Add library="d3dx10d.lib" />
					<Add library="d3dx9d.lib" />
					<Add library="dxerr.lib" />
					<Add library="dxguid.lib" />
					<Add library="winmm.lib" />
					<Add library="comctl32.lib" />
					<Add library="dinput8.lib" />
					<Add library="kernel32.lib" />
					<Add library="user32.lib" />
					<Add library="shell32.lib" />
					<Add directory="$(DXSDK_DIR)Lib/x86" />
				</Linker>
			</Target>
			<Target title="Profile Win32">
				<Option output="DocasnyTreegen" prefix_auto="1" extension_auto="1" />
				<Option type="0" />
				<Option compiler="cygwin" />
				<Compiler>
					<Add option="/DWIN32" />
					<Add option="/DNDEBUG" />
					<Add option="/DPROFILE" />
					<Add option="/D_WINDOWS" />
					<Add directory="$(DXSDK_DIR)Include" />
					<Add directory="$(IncludePath)" />
					<Add directory="DXUT/Core" />
					<Add directory="DXUT/Optional" />
				</Compiler>
				<Linker>
					<Add option="/debug" />
					<Add library="d3d9.lib" />
					<Add library="d3dx10.lib" />
					<Add library="d3dx9.lib" />
					<Add library="dxerr.lib" />
					<Add library="dxguid.lib" />
					<Add library="winmm.lib" />
					<Add library="comctl32.lib" />
					<Add directory="$(DXSDK_DIR)Lib/x86" />
					<Add directory="$(LibraryPath)" />
				</Linker>
			</Target>
			<Target title="Release Win32">
				<Option output="DocasnyTreegen" prefix_auto="1" extension_auto="1" />
				<Option type="0" />
				<Option compiler="cygwin" />
				<Compiler>
					<Add option="/DWIN32" />
					<Add option="/DNDEBUG" />
					<Add option="/D_WINDOWS" />
					<Add directory="$(DXSDK_DIR)Include" />
					<Add directory="$(IncludePath)" />
					<Add directory="DXUT/Core" />
					<Add directory="DXUT/Optional" />
				</Compiler>
				<Linker>
					<Add option="/debug" />
					<Add library="d3d9.lib" />
					<Add library="d3dx10.lib" />
					<Add library="d3dx9.lib" />
					<Add library="dxerr.lib" />
					<Add library="dxguid.lib" />
					<Add library="winmm.lib" />
					<Add library="comctl32.lib" />
					<Add library="dinput8.lib" />
					<Add directory="$(DXSDK_DIR)Lib/x86" />
				</Linker>
			</Target>
		</Build>
		<Unit filename="DXUT/Optional/directx.ico" />
		<Unit filename="Matrices.cpp" />
		<Unit filename="Matrices.rc">
			<Option compilerVar="WINDRES" />
			<Option compile="0" />
			<Option link="0" />
		</Unit>
		<Unit filename="Tree.cpp" />
		<Unit filename="start.h" />
		<Extensions>
			<code_completion />
			<envvars />
			<debugger />
		</Extensions>
	</Project>
</CodeBlocks_project_file>
